
Microsoft Visual Studio Solution File, Format Version 12.00
# Visual Studio 15
VisualStudioVersion = 15.0.27130.2010
MinimumVisualStudioVersion = 10.0.40219.1
Project("{2150E333-8FDC-42A3-9474-1A3956D46DE8}") = "Solution Items", "Solution Items", "{B380ED7D-CF43-49D4-99E8-9CF1EF283123}"
	ProjectSection(SolutionItems) = preProject
		Deploy.sh = Deploy.sh
		Setup.sh = Setup.sh
		SteamUpload.sh = SteamUpload.sh
	EndProjectSection
EndProject
Project("{FAE04EC0-301F-11D3-BF4B-00C04F79EFBC}") = "Game", "Game\Game.csproj", "{98CA8686-FA26-49D2-A7F8-0DBB99122340}"
EndProject
Global
	GlobalSection(SolutionConfigurationPlatforms) = preSolution
		Debug|Any CPU = Debug|Any CPU
		DebugWindows|Any CPU = DebugWindows|Any CPU
		Release|Any CPU = Release|Any CPU
		ReleaseWindows|Any CPU = ReleaseWindows|Any CPU
		SteamDebug|Any CPU = SteamDebug|Any CPU
		SteamDebugWindows|Any CPU = SteamDebugWindows|Any CPU
		SteamRelease|Any CPU = SteamRelease|Any CPU
		SteamReleaseWindows|Any CPU = SteamReleaseWindows|Any CPU
	EndGlobalSection
	GlobalSection(ProjectConfigurationPlatforms) = postSolution
		{98CA8686-FA26-49D2-A7F8-0DBB99122340}.Debug|Any CPU.ActiveCfg = Debug|Any CPU
		{98CA8686-FA26-49D2-A7F8-0DBB99122340}.Debug|Any CPU.Build.0 = Debug|Any CPU
		{98CA8686-FA26-49D2-A7F8-0DBB99122340}.Debug|Any CPU.Deploy.0 = Debug|Any CPU
		{98CA8686-FA26-49D2-A7F8-0DBB99122340}.DebugWindows|Any CPU.ActiveCfg = DebugWindows|Any CPU
		{98CA8686-FA26-49D2-A7F8-0DBB99122340}.DebugWindows|Any CPU.Build.0 = DebugWindows|Any CPU
		{98CA8686-FA26-49D2-A7F8-0DBB99122340}.Release|Any CPU.ActiveCfg = Release|Any CPU
		{98CA8686-FA26-49D2-A7F8-0DBB99122340}.Release|Any CPU.Build.0 = Release|Any CPU
		{98CA8686-FA26-49D2-A7F8-0DBB99122340}.ReleaseWindows|Any CPU.ActiveCfg = ReleaseWindows|Any CPU
		{98CA8686-FA26-49D2-A7F8-0DBB99122340}.ReleaseWindows|Any CPU.Build.0 = ReleaseWindows|Any CPU
		{98CA8686-FA26-49D2-A7F8-0DBB99122340}.SteamDebug|Any CPU.ActiveCfg = SteamDebug|Any CPU
		{98CA8686-FA26-49D2-A7F8-0DBB99122340}.SteamDebug|Any CPU.Build.0 = SteamDebug|Any CPU
		{98CA8686-FA26-49D2-A7F8-0DBB99122340}.SteamDebugWindows|Any CPU.ActiveCfg = SteamDebugWindows|Any CPU
		{98CA8686-FA26-49D2-A7F8-0DBB99122340}.SteamDebugWindows|Any CPU.Build.0 = SteamDebugWindows|Any CPU
		{98CA8686-FA26-49D2-A7F8-0DBB99122340}.SteamRelease|Any CPU.ActiveCfg = SteamRelease|Any CPU
		{98CA8686-FA26-49D2-A7F8-0DBB99122340}.SteamRelease|Any CPU.Build.0 = SteamRelease|Any CPU
		{98CA8686-FA26-49D2-A7F8-0DBB99122340}.SteamReleaseWindows|Any CPU.ActiveCfg = SteamReleaseWindows|Any CPU
		{98CA8686-FA26-49D2-A7F8-0DBB99122340}.SteamReleaseWindows|Any CPU.Build.0 = SteamReleaseWindows|Any CPU
	EndGlobalSection
	GlobalSection(SolutionProperties) = preSolution
		HideSolutionNode = FALSE
	EndGlobalSection
	GlobalSection(ExtensibilityGlobals) = postSolution
		SolutionGuid = {11CE578B-7AF8-4C03-85DA-DC1E8F79D97D}
	EndGlobalSection
	GlobalSection(MonoDevelopProperties) = preSolution
		Policies = $0
		$0.DotNetNamingPolicy = $1
		$1.DirectoryNamespaceAssociation = PrefixedHierarchical
		$1.ResourceNamePolicy = FileName
		$0.TextStylePolicy = $7
	EndGlobalSection
EndGlobal
